// !$*UTF8*$!
{
	archiveVersion = 1;
	classes = {
	};
	objectVersion = 55;
	objects = {

/* Begin PBXBuildFile section */
		3DE4842C28A248AD00B6EE4A /* ENGApp.swift in Sources */ = {isa = PBXBuildFile; fileRef = 3DE4842B28A248AD00B6EE4A /* ENGApp.swift */; };
		3DE4843028A248AE00B6EE4A /* Assets.xcassets in Resources */ = {isa = PBXBuildFile; fileRef = 3DE4842F28A248AE00B6EE4A /* Assets.xcassets */; };
		3DE4843328A248AE00B6EE4A /* Preview Assets.xcassets in Resources */ = {isa = PBXBuildFile; fileRef = 3DE4843228A248AE00B6EE4A /* Preview Assets.xcassets */; };
		3DE4843F28A24D1000B6EE4A /* FacilityView.swift in Sources */ = {isa = PBXBuildFile; fileRef = 3DE4843E28A24D1000B6EE4A /* FacilityView.swift */; };
		3DE4844128A3544B00B6EE4A /* ColorExtension.swift in Sources */ = {isa = PBXBuildFile; fileRef = 3DE4844028A3544B00B6EE4A /* ColorExtension.swift */; };
		3DE4844728A37E7F00B6EE4A /* FacilityRow.swift in Sources */ = {isa = PBXBuildFile; fileRef = 3DE4844628A37E7F00B6EE4A /* FacilityRow.swift */; };
		3DE4844A28A3A1D100B6EE4A /* FacilityModel.swift in Sources */ = {isa = PBXBuildFile; fileRef = 3DE4844928A3A1D100B6EE4A /* FacilityModel.swift */; };
		3DE4844C28A3A41400B6EE4A /* FacilityViewModel.swift in Sources */ = {isa = PBXBuildFile; fileRef = 3DE4844B28A3A41400B6EE4A /* FacilityViewModel.swift */; };
		3DE4844F28A4C6E800B6EE4A /* LoginView.swift in Sources */ = {isa = PBXBuildFile; fileRef = 3DE4844E28A4C6E800B6EE4A /* LoginView.swift */; };
		3DE4845128A4C6FA00B6EE4A /* MyPageView.swift in Sources */ = {isa = PBXBuildFile; fileRef = 3DE4845028A4C6FA00B6EE4A /* MyPageView.swift */; };
		3DE4845428A4D97E00B6EE4A /* SignUpView.swift in Sources */ = {isa = PBXBuildFile; fileRef = 3DE4845328A4D97E00B6EE4A /* SignUpView.swift */; };
		3DE4845628A4D9A500B6EE4A /* FindAccountView.swift in Sources */ = {isa = PBXBuildFile; fileRef = 3DE4845528A4D9A500B6EE4A /* FindAccountView.swift */; };
		3DE4845828AB278C00B6EE4A /* ViewExtension.swift in Sources */ = {isa = PBXBuildFile; fileRef = 3DE4845728AB278C00B6EE4A /* ViewExtension.swift */; };
		3DE4845B28AB39AB00B6EE4A /* SignedMyPageView.swift in Sources */ = {isa = PBXBuildFile; fileRef = 3DE4845A28AB39AB00B6EE4A /* SignedMyPageView.swift */; };
		3DE4845D28AB407700B6EE4A /* ReportListRowView.swift in Sources */ = {isa = PBXBuildFile; fileRef = 3DE4845C28AB407700B6EE4A /* ReportListRowView.swift */; };
		3DE4845F28AB4B6400B6EE4A /* IntExtension.swift in Sources */ = {isa = PBXBuildFile; fileRef = 3DE4845E28AB4B6400B6EE4A /* IntExtension.swift */; };
		3DE4846128AB515500B6EE4A /* Font.swift in Sources */ = {isa = PBXBuildFile; fileRef = 3DE4846028AB515500B6EE4A /* Font.swift */; };
		3DE4846328AB56B300B6EE4A /* PostingListRowView.swift in Sources */ = {isa = PBXBuildFile; fileRef = 3DE4846228AB56B300B6EE4A /* PostingListRowView.swift */; };
/* End PBXBuildFile section */

/* Begin PBXFileReference section */
		3DE4842828A248AD00B6EE4A /* ENG.app */ = {isa = PBXFileReference; explicitFileType = wrapper.application; includeInIndex = 0; path = ENG.app; sourceTree = BUILT_PRODUCTS_DIR; };
		3DE4842B28A248AD00B6EE4A /* ENGApp.swift */ = {isa = PBXFileReference; lastKnownFileType = sourcecode.swift; path = ENGApp.swift; sourceTree = "<group>"; };
		3DE4842F28A248AE00B6EE4A /* Assets.xcassets */ = {isa = PBXFileReference; lastKnownFileType = folder.assetcatalog; path = Assets.xcassets; sourceTree = "<group>"; };
		3DE4843228A248AE00B6EE4A /* Preview Assets.xcassets */ = {isa = PBXFileReference; lastKnownFileType = folder.assetcatalog; path = "Preview Assets.xcassets"; sourceTree = "<group>"; };
		3DE4843E28A24D1000B6EE4A /* FacilityView.swift */ = {isa = PBXFileReference; lastKnownFileType = sourcecode.swift; path = FacilityView.swift; sourceTree = "<group>"; };
		3DE4844028A3544B00B6EE4A /* ColorExtension.swift */ = {isa = PBXFileReference; lastKnownFileType = sourcecode.swift; path = ColorExtension.swift; sourceTree = "<group>"; };
		3DE4844628A37E7F00B6EE4A /* FacilityRow.swift */ = {isa = PBXFileReference; lastKnownFileType = sourcecode.swift; path = FacilityRow.swift; sourceTree = "<group>"; };
		3DE4844928A3A1D100B6EE4A /* FacilityModel.swift */ = {isa = PBXFileReference; lastKnownFileType = sourcecode.swift; path = FacilityModel.swift; sourceTree = "<group>"; };
		3DE4844B28A3A41400B6EE4A /* FacilityViewModel.swift */ = {isa = PBXFileReference; lastKnownFileType = sourcecode.swift; path = FacilityViewModel.swift; sourceTree = "<group>"; };
		3DE4844E28A4C6E800B6EE4A /* LoginView.swift */ = {isa = PBXFileReference; lastKnownFileType = sourcecode.swift; path = LoginView.swift; sourceTree = "<group>"; };
		3DE4845028A4C6FA00B6EE4A /* MyPageView.swift */ = {isa = PBXFileReference; lastKnownFileType = sourcecode.swift; path = MyPageView.swift; sourceTree = "<group>"; };
		3DE4845328A4D97E00B6EE4A /* SignUpView.swift */ = {isa = PBXFileReference; lastKnownFileType = sourcecode.swift; path = SignUpView.swift; sourceTree = "<group>"; };
		3DE4845528A4D9A500B6EE4A /* FindAccountView.swift */ = {isa = PBXFileReference; lastKnownFileType = sourcecode.swift; path = FindAccountView.swift; sourceTree = "<group>"; };
		3DE4845728AB278C00B6EE4A /* ViewExtension.swift */ = {isa = PBXFileReference; lastKnownFileType = sourcecode.swift; path = ViewExtension.swift; sourceTree = "<group>"; };
		3DE4845A28AB39AB00B6EE4A /* SignedMyPageView.swift */ = {isa = PBXFileReference; lastKnownFileType = sourcecode.swift; path = SignedMyPageView.swift; sourceTree = "<group>"; };
		3DE4845C28AB407700B6EE4A /* ReportListRowView.swift */ = {isa = PBXFileReference; lastKnownFileType = sourcecode.swift; path = ReportListRowView.swift; sourceTree = "<group>"; };
		3DE4845E28AB4B6400B6EE4A /* IntExtension.swift */ = {isa = PBXFileReference; lastKnownFileType = sourcecode.swift; path = IntExtension.swift; sourceTree = "<group>"; };
		3DE4846028AB515500B6EE4A /* Font.swift */ = {isa = PBXFileReference; lastKnownFileType = sourcecode.swift; path = Font.swift; sourceTree = "<group>"; };
		3DE4846228AB56B300B6EE4A /* PostingListRowView.swift */ = {isa = PBXFileReference; lastKnownFileType = sourcecode.swift; path = PostingListRowView.swift; sourceTree = "<group>"; };
/* End PBXFileReference section */

/* Begin PBXFrameworksBuildPhase section */
		3DE4842528A248AD00B6EE4A /* Frameworks */ = {
			isa = PBXFrameworksBuildPhase;
			buildActionMask = 2147483647;
			files = (
			);
			runOnlyForDeploymentPostprocessing = 0;
		};
/* End PBXFrameworksBuildPhase section */

/* Begin PBXGroup section */
		3DE4841F28A248AD00B6EE4A = {
			isa = PBXGroup;
			children = (
				3DE4842A28A248AD00B6EE4A /* ENG */,
				3DE4842928A248AD00B6EE4A /* Products */,
			);
			sourceTree = "<group>";
		};
		3DE4842928A248AD00B6EE4A /* Products */ = {
			isa = PBXGroup;
			children = (
				3DE4842828A248AD00B6EE4A /* ENG.app */,
			);
			name = Products;
			sourceTree = "<group>";
		};
		3DE4842A28A248AD00B6EE4A /* ENG */ = {
			isa = PBXGroup;
			children = (
				3DE4842B28A248AD00B6EE4A /* ENGApp.swift */,
				3DE4844828A3974900B6EE4A /* Font */,
				3DE4843928A24B8F00B6EE4A /* Extensions */,
				3DE4843A28A24B9B00B6EE4A /* Models */,
				3DE4843C28A24BB500B6EE4A /* Views */,
				3DE4843B28A24BA700B6EE4A /* ViewModels */,
				3DE4842F28A248AE00B6EE4A /* Assets.xcassets */,
				3DE4843128A248AE00B6EE4A /* Preview Content */,
			);
			path = ENG;
			sourceTree = "<group>";
		};
		3DE4843128A248AE00B6EE4A /* Preview Content */ = {
			isa = PBXGroup;
			children = (
				3DE4843228A248AE00B6EE4A /* Preview Assets.xcassets */,
			);
			path = "Preview Content";
			sourceTree = "<group>";
		};
		3DE4843928A24B8F00B6EE4A /* Extensions */ = {
			isa = PBXGroup;
			children = (
				3DE4844028A3544B00B6EE4A /* ColorExtension.swift */,
				3DE4845728AB278C00B6EE4A /* ViewExtension.swift */,
				3DE4845E28AB4B6400B6EE4A /* IntExtension.swift */,
			);
			path = Extensions;
			sourceTree = "<group>";
		};
		3DE4843A28A24B9B00B6EE4A /* Models */ = {
			isa = PBXGroup;
			children = (
				3DE4844928A3A1D100B6EE4A /* FacilityModel.swift */,
			);
			path = Models;
			sourceTree = "<group>";
		};
		3DE4843B28A24BA700B6EE4A /* ViewModels */ = {
			isa = PBXGroup;
			children = (
				3DE4844B28A3A41400B6EE4A /* FacilityViewModel.swift */,
			);
			path = ViewModels;
			sourceTree = "<group>";
		};
		3DE4843C28A24BB500B6EE4A /* Views */ = {
			isa = PBXGroup;
			children = (
				3DE4844D28A4C6CC00B6EE4A /* MyPageViews */,
				3DE4843D28A24D0400B6EE4A /*  FacilityListViews */,
			);
			path = Views;
			sourceTree = "<group>";
		};
		3DE4843D28A24D0400B6EE4A /*  FacilityListViews */ = {
			isa = PBXGroup;
			children = (
				3DE4843E28A24D1000B6EE4A /* FacilityView.swift */,
				3DE4844628A37E7F00B6EE4A /* FacilityRow.swift */,
			);
			path = " FacilityListViews";
			sourceTree = "<group>";
		};
		3DE4844828A3974900B6EE4A /* Font */ = {
			isa = PBXGroup;
			children = (
				3DE4846028AB515500B6EE4A /* Font.swift */,
			);
			path = Font;
			sourceTree = "<group>";
		};
		3DE4844D28A4C6CC00B6EE4A /* MyPageViews */ = {
			isa = PBXGroup;
			children = (
				3DE4845228A4D92A00B6EE4A /* AccountViews */,
				3DE4845928AB390300B6EE4A /* SignedMyPageViews */,
				3DE4845028A4C6FA00B6EE4A /* MyPageView.swift */,
			);
			path = MyPageViews;
			sourceTree = "<group>";
		};
		3DE4845228A4D92A00B6EE4A /* AccountViews */ = {
			isa = PBXGroup;
			children = (
				3DE4844E28A4C6E800B6EE4A /* LoginView.swift */,
				3DE4845328A4D97E00B6EE4A /* SignUpView.swift */,
				3DE4845528A4D9A500B6EE4A /* FindAccountView.swift */,
			);
			path = AccountViews;
			sourceTree = "<group>";
		};
		3DE4845928AB390300B6EE4A /* SignedMyPageViews */ = {
			isa = PBXGroup;
			children = (
				3DE4845A28AB39AB00B6EE4A /* SignedMyPageView.swift */,
				3DE4845C28AB407700B6EE4A /* ReportListRowView.swift */,
				3DE4846228AB56B300B6EE4A /* PostingListRowView.swift */,
			);
			path = SignedMyPageViews;
			sourceTree = "<group>";
		};
/* End PBXGroup section */

/* Begin PBXNativeTarget section */
		3DE4842728A248AD00B6EE4A /* ENG */ = {
			isa = PBXNativeTarget;
			buildConfigurationList = 3DE4843628A248AE00B6EE4A /* Build configuration list for PBXNativeTarget "ENG" */;
			buildPhases = (
				3DE4842428A248AD00B6EE4A /* Sources */,
				3DE4842528A248AD00B6EE4A /* Frameworks */,
				3DE4842628A248AD00B6EE4A /* Resources */,
			);
			buildRules = (
			);
			dependencies = (
			);
			name = ENG;
			productName = ENG;
			productReference = 3DE4842828A248AD00B6EE4A /* ENG.app */;
			productType = "com.apple.product-type.application";
		};
/* End PBXNativeTarget section */

/* Begin PBXProject section */
		3DE4842028A248AD00B6EE4A /* Project object */ = {
			isa = PBXProject;
			attributes = {
				BuildIndependentTargetsInParallel = 1;
				LastSwiftUpdateCheck = 1340;
				LastUpgradeCheck = 1340;
				TargetAttributes = {
					3DE4842728A248AD00B6EE4A = {
						CreatedOnToolsVersion = 13.4.1;
					};
				};
			};
			buildConfigurationList = 3DE4842328A248AD00B6EE4A /* Build configuration list for PBXProject "ENG" */;
			compatibilityVersion = "Xcode 13.0";
			developmentRegion = en;
			hasScannedForEncodings = 0;
			knownRegions = (
				en,
				Base,
			);
			mainGroup = 3DE4841F28A248AD00B6EE4A;
			productRefGroup = 3DE4842928A248AD00B6EE4A /* Products */;
			projectDirPath = "";
			projectRoot = "";
			targets = (
				3DE4842728A248AD00B6EE4A /* ENG */,
			);
		};
/* End PBXProject section */

/* Begin PBXResourcesBuildPhase section */
		3DE4842628A248AD00B6EE4A /* Resources */ = {
			isa = PBXResourcesBuildPhase;
			buildActionMask = 2147483647;
			files = (
				3DE4843328A248AE00B6EE4A /* Preview Assets.xcassets in Resources */,
				3DE4843028A248AE00B6EE4A /* Assets.xcassets in Resources */,
			);
			runOnlyForDeploymentPostprocessing = 0;
		};
/* End PBXResourcesBuildPhase section */

/* Begin PBXSourcesBuildPhase section */
		3DE4842428A248AD00B6EE4A /* Sources */ = {
			isa = PBXSourcesBuildPhase;
			buildActionMask = 2147483647;
			files = (
				3DE4844128A3544B00B6EE4A /* ColorExtension.swift in Sources */,
				3DE4845128A4C6FA00B6EE4A /* MyPageView.swift in Sources */,
				3DE4846128AB515500B6EE4A /* Font.swift in Sources */,
				3DE4844F28A4C6E800B6EE4A /* LoginView.swift in Sources */,
				3DE4842C28A248AD00B6EE4A /* ENGApp.swift in Sources */,
				3DE4844A28A3A1D100B6EE4A /* FacilityModel.swift in Sources */,
				3DE4846328AB56B300B6EE4A /* PostingListRowView.swift in Sources */,
				3DE4845B28AB39AB00B6EE4A /* SignedMyPageView.swift in Sources */,
				3DE4844728A37E7F00B6EE4A /* FacilityRow.swift in Sources */,
				3DE4845828AB278C00B6EE4A /* ViewExtension.swift in Sources */,
				3DE4845D28AB407700B6EE4A /* ReportListRowView.swift in Sources */,
				3DE4845F28AB4B6400B6EE4A /* IntExtension.swift in Sources */,
				3DE4843F28A24D1000B6EE4A /* FacilityView.swift in Sources */,
				3DE4845628A4D9A500B6EE4A /* FindAccountView.swift in Sources */,
				3DE4845428A4D97E00B6EE4A /* SignUpView.swift in Sources */,
				3DE4844C28A3A41400B6EE4A /* FacilityViewModel.swift in Sources */,
			);
			runOnlyForDeploymentPostprocessing = 0;
		};
/* End PBXSourcesBuildPhase section */

/* Begin XCBuildConfiguration section */
		3DE4843428A248AE00B6EE4A /* Debug */ = {
			isa = XCBuildConfiguration;
			buildSettings = {
				ALWAYS_SEARCH_USER_PATHS = NO;
				CLANG_ANALYZER_NONNULL = YES;
				CLANG_ANALYZER_NUMBER_OBJECT_CONVERSION = YES_AGGRESSIVE;
				CLANG_CXX_LANGUAGE_STANDARD = "gnu++17";
				CLANG_ENABLE_MODULES = YES;
				CLANG_ENABLE_OBJC_ARC = YES;
				CLANG_ENABLE_OBJC_WEAK = YES;
				CLANG_WARN_BLOCK_CAPTURE_AUTORELEASING = YES;
				CLANG_WARN_BOOL_CONVERSION = YES;
				CLANG_WARN_COMMA = YES;
				CLANG_WARN_CONSTANT_CONVERSION = YES;
				CLANG_WARN_DEPRECATED_OBJC_IMPLEMENTATIONS = YES;
				CLANG_WARN_DIRECT_OBJC_ISA_USAGE = YES_ERROR;
				CLANG_WARN_DOCUMENTATION_COMMENTS = YES;
				CLANG_WARN_EMPTY_BODY = YES;
				CLANG_WARN_ENUM_CONVERSION = YES;
				CLANG_WARN_INFINITE_RECURSION = YES;
				CLANG_WARN_INT_CONVERSION = YES;
				CLANG_WARN_NON_LITERAL_NULL_CONVERSION = YES;
				CLANG_WARN_OBJC_IMPLICIT_RETAIN_SELF = YES;
				CLANG_WARN_OBJC_LITERAL_CONVERSION = YES;
				CLANG_WARN_OBJC_ROOT_CLASS = YES_ERROR;
				CLANG_WARN_QUOTED_INCLUDE_IN_FRAMEWORK_HEADER = YES;
				CLANG_WARN_RANGE_LOOP_ANALYSIS = YES;
				CLANG_WARN_STRICT_PROTOTYPES = YES;
				CLANG_WARN_SUSPICIOUS_MOVE = YES;
				CLANG_WARN_UNGUARDED_AVAILABILITY = YES_AGGRESSIVE;
				CLANG_WARN_UNREACHABLE_CODE = YES;
				CLANG_WARN__DUPLICATE_METHOD_MATCH = YES;
				COPY_PHASE_STRIP = NO;
				DEBUG_INFORMATION_FORMAT = dwarf;
				ENABLE_STRICT_OBJC_MSGSEND = YES;
				ENABLE_TESTABILITY = YES;
				GCC_C_LANGUAGE_STANDARD = gnu11;
				GCC_DYNAMIC_NO_PIC = NO;
				GCC_NO_COMMON_BLOCKS = YES;
				GCC_OPTIMIZATION_LEVEL = 0;
				GCC_PREPROCESSOR_DEFINITIONS = (
					"DEBUG=1",
					"$(inherited)",
				);
				GCC_WARN_64_TO_32_BIT_CONVERSION = YES;
				GCC_WARN_ABOUT_RETURN_TYPE = YES_ERROR;
				GCC_WARN_UNDECLARED_SELECTOR = YES;
				GCC_WARN_UNINITIALIZED_AUTOS = YES_AGGRESSIVE;
				GCC_WARN_UNUSED_FUNCTION = YES;
				GCC_WARN_UNUSED_VARIABLE = YES;
				IPHONEOS_DEPLOYMENT_TARGET = 15.5;
				MTL_ENABLE_DEBUG_INFO = INCLUDE_SOURCE;
				MTL_FAST_MATH = YES;
				ONLY_ACTIVE_ARCH = YES;
				SDKROOT = iphoneos;
				SWIFT_ACTIVE_COMPILATION_CONDITIONS = DEBUG;
				SWIFT_OPTIMIZATION_LEVEL = "-Onone";
			};
			name = Debug;
		};
		3DE4843528A248AE00B6EE4A /* Release */ = {
			isa = XCBuildConfiguration;
			buildSettings = {
				ALWAYS_SEARCH_USER_PATHS = NO;
				CLANG_ANALYZER_NONNULL = YES;
				CLANG_ANALYZER_NUMBER_OBJECT_CONVERSION = YES_AGGRESSIVE;
				CLANG_CXX_LANGUAGE_STANDARD = "gnu++17";
				CLANG_ENABLE_MODULES = YES;
				CLANG_ENABLE_OBJC_ARC = YES;
				CLANG_ENABLE_OBJC_WEAK = YES;
				CLANG_WARN_BLOCK_CAPTURE_AUTORELEASING = YES;
				CLANG_WARN_BOOL_CONVERSION = YES;
				CLANG_WARN_COMMA = YES;
				CLANG_WARN_CONSTANT_CONVERSION = YES;
				CLANG_WARN_DEPRECATED_OBJC_IMPLEMENTATIONS = YES;
				CLANG_WARN_DIRECT_OBJC_ISA_USAGE = YES_ERROR;
				CLANG_WARN_DOCUMENTATION_COMMENTS = YES;
				CLANG_WARN_EMPTY_BODY = YES;
				CLANG_WARN_ENUM_CONVERSION = YES;
				CLANG_WARN_INFINITE_RECURSION = YES;
				CLANG_WARN_INT_CONVERSION = YES;
				CLANG_WARN_NON_LITERAL_NULL_CONVERSION = YES;
				CLANG_WARN_OBJC_IMPLICIT_RETAIN_SELF = YES;
				CLANG_WARN_OBJC_LITERAL_CONVERSION = YES;
				CLANG_WARN_OBJC_ROOT_CLASS = YES_ERROR;
				CLANG_WARN_QUOTED_INCLUDE_IN_FRAMEWORK_HEADER = YES;
				CLANG_WARN_RANGE_LOOP_ANALYSIS = YES;
				CLANG_WARN_STRICT_PROTOTYPES = YES;
				CLANG_WARN_SUSPICIOUS_MOVE = YES;
				CLANG_WARN_UNGUARDED_AVAILABILITY = YES_AGGRESSIVE;
				CLANG_WARN_UNREACHABLE_CODE = YES;
				CLANG_WARN__DUPLICATE_METHOD_MATCH = YES;
				COPY_PHASE_STRIP = NO;
				DEBUG_INFORMATION_FORMAT = "dwarf-with-dsym";
				ENABLE_NS_ASSERTIONS = NO;
				ENABLE_STRICT_OBJC_MSGSEND = YES;
				GCC_C_LANGUAGE_STANDARD = gnu11;
				GCC_NO_COMMON_BLOCKS = YES;
				GCC_WARN_64_TO_32_BIT_CONVERSION = YES;
				GCC_WARN_ABOUT_RETURN_TYPE = YES_ERROR;
				GCC_WARN_UNDECLARED_SELECTOR = YES;
				GCC_WARN_UNINITIALIZED_AUTOS = YES_AGGRESSIVE;
				GCC_WARN_UNUSED_FUNCTION = YES;
				GCC_WARN_UNUSED_VARIABLE = YES;
				IPHONEOS_DEPLOYMENT_TARGET = 15.5;
				MTL_ENABLE_DEBUG_INFO = NO;
				MTL_FAST_MATH = YES;
				SDKROOT = iphoneos;
				SWIFT_COMPILATION_MODE = wholemodule;
				SWIFT_OPTIMIZATION_LEVEL = "-O";
				VALIDATE_PRODUCT = YES;
			};
			name = Release;
		};
		3DE4843728A248AE00B6EE4A /* Debug */ = {
			isa = XCBuildConfiguration;
			buildSettings = {
				ASSETCATALOG_COMPILER_APPICON_NAME = AppIcon;
				ASSETCATALOG_COMPILER_GLOBAL_ACCENT_COLOR_NAME = AccentColor;
				CODE_SIGN_STYLE = Automatic;
				CURRENT_PROJECT_VERSION = 1;
				DEVELOPMENT_ASSET_PATHS = "\"ENG/Preview Content\"";
				DEVELOPMENT_TEAM = G7X65ZSJ3J;
				ENABLE_PREVIEWS = YES;
				GENERATE_INFOPLIST_FILE = YES;
				INFOPLIST_KEY_UIApplicationSceneManifest_Generation = YES;
				INFOPLIST_KEY_UIApplicationSupportsIndirectInputEvents = YES;
				INFOPLIST_KEY_UILaunchScreen_Generation = YES;
				INFOPLIST_KEY_UISupportedInterfaceOrientations = UIInterfaceOrientationPortrait;
				INFOPLIST_KEY_UISupportedInterfaceOrientations_iPad = "UIInterfaceOrientationPortrait UIInterfaceOrientationPortraitUpsideDown UIInterfaceOrientationLandscapeLeft UIInterfaceOrientationLandscapeRight";
				INFOPLIST_KEY_UISupportedInterfaceOrientations_iPhone = "UIInterfaceOrientationPortrait UIInterfaceOrientationLandscapeLeft UIInterfaceOrientationLandscapeRight";
				LD_RUNPATH_SEARCH_PATHS = (
					"$(inherited)",
					"@executable_path/Frameworks",
				);
				MARKETING_VERSION = 1.0;
				PRODUCT_BUNDLE_IDENTIFIER = com.Seunggyun.ENG;
				PRODUCT_NAME = "$(TARGET_NAME)";
				SWIFT_EMIT_LOC_STRINGS = YES;
				SWIFT_VERSION = 5.0;
				TARGETED_DEVICE_FAMILY = "1,2";
			};
			name = Debug;
		};
		3DE4843828A248AE00B6EE4A /* Release */ = {
			isa = XCBuildConfiguration;
			buildSettings = {
				ASSETCATALOG_COMPILER_APPICON_NAME = AppIcon;
				ASSETCATALOG_COMPILER_GLOBAL_ACCENT_COLOR_NAME = AccentColor;
				CODE_SIGN_STYLE = Automatic;
				CURRENT_PROJECT_VERSION = 1;
				DEVELOPMENT_ASSET_PATHS = "\"ENG/Preview Content\"";
				DEVELOPMENT_TEAM = G7X65ZSJ3J;
				ENABLE_PREVIEWS = YES;
				GENERATE_INFOPLIST_FILE = YES;
				INFOPLIST_KEY_UIApplicationSceneManifest_Generation = YES;
				INFOPLIST_KEY_UIApplicationSupportsIndirectInputEvents = YES;
				INFOPLIST_KEY_UILaunchScreen_Generation = YES;
				INFOPLIST_KEY_UISupportedInterfaceOrientations = UIInterfaceOrientationPortrait;
				INFOPLIST_KEY_UISupportedInterfaceOrientations_iPad = "UIInterfaceOrientationPortrait UIInterfaceOrientationPortraitUpsideDown UIInterfaceOrientationLandscapeLeft UIInterfaceOrientationLandscapeRight";
				INFOPLIST_KEY_UISupportedInterfaceOrientations_iPhone = "UIInterfaceOrientationPortrait UIInterfaceOrientationLandscapeLeft UIInterfaceOrientationLandscapeRight";
				LD_RUNPATH_SEARCH_PATHS = (
					"$(inherited)",
					"@executable_path/Frameworks",
				);
				MARKETING_VERSION = 1.0;
				PRODUCT_BUNDLE_IDENTIFIER = com.Seunggyun.ENG;
				PRODUCT_NAME = "$(TARGET_NAME)";
				SWIFT_EMIT_LOC_STRINGS = YES;
				SWIFT_VERSION = 5.0;
				TARGETED_DEVICE_FAMILY = "1,2";
			};
			name = Release;
		};
/* End XCBuildConfiguration section */

/* Begin XCConfigurationList section */
		3DE4842328A248AD00B6EE4A /* Build configuration list for PBXProject "ENG" */ = {
			isa = XCConfigurationList;
			buildConfigurations = (
				3DE4843428A248AE00B6EE4A /* Debug */,
				3DE4843528A248AE00B6EE4A /* Release */,
			);
			defaultConfigurationIsVisible = 0;
			defaultConfigurationName = Release;
		};
		3DE4843628A248AE00B6EE4A /* Build configuration list for PBXNativeTarget "ENG" */ = {
			isa = XCConfigurationList;
			buildConfigurations = (
				3DE4843728A248AE00B6EE4A /* Debug */,
				3DE4843828A248AE00B6EE4A /* Release */,
			);
			defaultConfigurationIsVisible = 0;
			defaultConfigurationName = Release;
		};
/* End XCConfigurationList section */
	};
	rootObject = 3DE4842028A248AD00B6EE4A /* Project object */;
}
