// !$*UTF8*$!
{
	archiveVersion = 1;
	classes = {
	};
	objectVersion = 55;
	objects = {

/* Begin PBXBuildFile section */
		3D22B19528B34CA500EE9D00 /* FindIDView.swift in Sources */ = {isa = PBXBuildFile; fileRef = 3D22B19428B34CA500EE9D00 /* FindIDView.swift */; };
		3D22B19728B34CB200EE9D00 /* FindPasswordView.swift in Sources */ = {isa = PBXBuildFile; fileRef = 3D22B19628B34CB200EE9D00 /* FindPasswordView.swift */; };
		3D22B1BB28B4722600EE9D00 /* SignUpModel.swift in Sources */ = {isa = PBXBuildFile; fileRef = 3D22B1BA28B4722600EE9D00 /* SignUpModel.swift */; };
		3D22B1C228B4E40800EE9D00 /* SignUpViewModel.swift in Sources */ = {isa = PBXBuildFile; fileRef = 3D22B1C128B4E40800EE9D00 /* SignUpViewModel.swift */; };
		3D22B1C628B5B28200EE9D00 /* MyFacilityModel.swift in Sources */ = {isa = PBXBuildFile; fileRef = 3D22B1C528B5B28200EE9D00 /* MyFacilityModel.swift */; };
		3D22B1C828B5B2ED00EE9D00 /* MyFacilityViewModel.swift in Sources */ = {isa = PBXBuildFile; fileRef = 3D22B1C728B5B2ED00EE9D00 /* MyFacilityViewModel.swift */; };
		3D22B1CA28B5DFB100EE9D00 /* LoginModel.swift in Sources */ = {isa = PBXBuildFile; fileRef = 3D22B1C928B5DFB100EE9D00 /* LoginModel.swift */; };
		3D22B1CC28B5E18400EE9D00 /* LoginViewModel.swift in Sources */ = {isa = PBXBuildFile; fileRef = 3D22B1CB28B5E18400EE9D00 /* LoginViewModel.swift */; };
		3D22B1CF28B5E1ED00EE9D00 /* NetworkResources.swift in Sources */ = {isa = PBXBuildFile; fileRef = 3D22B1CE28B5E1ED00EE9D00 /* NetworkResources.swift */; };
		3D22B1D428B644B100EE9D00 /* FacilityResgistrationModel.swift in Sources */ = {isa = PBXBuildFile; fileRef = 3D22B1D328B644B100EE9D00 /* FacilityResgistrationModel.swift */; };
		3D22B1D628B7367500EE9D00 /* FindIdModel.swift in Sources */ = {isa = PBXBuildFile; fileRef = 3D22B1D528B7367500EE9D00 /* FindIdModel.swift */; };
		3D22B1D828B7378E00EE9D00 /* FindIdViewModel.swift in Sources */ = {isa = PBXBuildFile; fileRef = 3D22B1D728B7378E00EE9D00 /* FindIdViewModel.swift */; };
		3D22B1DA28B747D600EE9D00 /* FacilityPosterModel.swift in Sources */ = {isa = PBXBuildFile; fileRef = 3D22B1D928B747D600EE9D00 /* FacilityPosterModel.swift */; };
		3D22B1DC28B74A2000EE9D00 /* FacilityDetailMainViewModel.swift in Sources */ = {isa = PBXBuildFile; fileRef = 3D22B1DB28B74A2000EE9D00 /* FacilityDetailMainViewModel.swift */; };
		3D22B1DE28B89DBC00EE9D00 /* ResetPWModel.swift in Sources */ = {isa = PBXBuildFile; fileRef = 3D22B1DD28B89DBC00EE9D00 /* ResetPWModel.swift */; };
		3D22B1E028B89E2600EE9D00 /* ResetPWViewModel.swift in Sources */ = {isa = PBXBuildFile; fileRef = 3D22B1DF28B89E2600EE9D00 /* ResetPWViewModel.swift */; };
		3D22B1E228BE075D00EE9D00 /* CommentTextfieldView.swift in Sources */ = {isa = PBXBuildFile; fileRef = 3D22B1E128BE075D00EE9D00 /* CommentTextfieldView.swift */; };
		3D22B1E428BE3A2C00EE9D00 /* SaftyPosterModel.swift in Sources */ = {isa = PBXBuildFile; fileRef = 3D22B1E328BE3A2C00EE9D00 /* SaftyPosterModel.swift */; };
		3D22B1E628BE3B0000EE9D00 /* SaftyListViewModel.swift in Sources */ = {isa = PBXBuildFile; fileRef = 3D22B1E528BE3B0000EE9D00 /* SaftyListViewModel.swift */; };
		3D22B1E828BE4A7900EE9D00 /* ContentDetailModel.swift in Sources */ = {isa = PBXBuildFile; fileRef = 3D22B1E728BE4A7900EE9D00 /* ContentDetailModel.swift */; };
		3D22B1EA28BE4C9C00EE9D00 /* ContentDetailViewModel.swift in Sources */ = {isa = PBXBuildFile; fileRef = 3D22B1E928BE4C9C00EE9D00 /* ContentDetailViewModel.swift */; };
		3D22B1EC28BF3D4800EE9D00 /* StringExtension.swift in Sources */ = {isa = PBXBuildFile; fileRef = 3D22B1EB28BF3D4800EE9D00 /* StringExtension.swift */; };
		3D22B1F028BF4D4200EE9D00 /* MyPageModel.swift in Sources */ = {isa = PBXBuildFile; fileRef = 3D22B1EF28BF4D4200EE9D00 /* MyPageModel.swift */; };
		3D22B1F228BF4E2200EE9D00 /* MyPageViewModel.swift in Sources */ = {isa = PBXBuildFile; fileRef = 3D22B1F128BF4E2200EE9D00 /* MyPageViewModel.swift */; };
		3D4DC1FA28ACCFF000E69E23 /* CommentRowView.swift in Sources */ = {isa = PBXBuildFile; fileRef = 3D4DC1F928ACCFF000E69E23 /* CommentRowView.swift */; };
		3D4DC1FC28ADCC1F00E69E23 /* ReportView.swift in Sources */ = {isa = PBXBuildFile; fileRef = 3D4DC1FB28ADCC1F00E69E23 /* ReportView.swift */; };
		3D4DC20028ADF06000E69E23 /* Launch Screen.storyboard in Resources */ = {isa = PBXBuildFile; fileRef = 3D4DC1FF28ADF06000E69E23 /* Launch Screen.storyboard */; };
		3D991C4F28BF789D00F7426D /* ImagePicker.swift in Sources */ = {isa = PBXBuildFile; fileRef = 3D991C4E28BF789D00F7426D /* ImagePicker.swift */; };
		3D991C5128C0F5DC00F7426D /* ContentRegisterModel.swift in Sources */ = {isa = PBXBuildFile; fileRef = 3D991C5028C0F5DC00F7426D /* ContentRegisterModel.swift */; };
		3D991C5528C4C0BF00F7426D /* MyContentListModel.swift in Sources */ = {isa = PBXBuildFile; fileRef = 3D991C5428C4C0BF00F7426D /* MyContentListModel.swift */; };
		3D991C5728C4C19E00F7426D /* MyContentListViewModel.swift in Sources */ = {isa = PBXBuildFile; fileRef = 3D991C5628C4C19E00F7426D /* MyContentListViewModel.swift */; };
		3D991C5928C628B700F7426D /* ContentRegisterViewModel.swift in Sources */ = {isa = PBXBuildFile; fileRef = 3D991C5828C628B700F7426D /* ContentRegisterViewModel.swift */; };
		3D991C5B28C6319900F7426D /* ReportRegisterModel.swift in Sources */ = {isa = PBXBuildFile; fileRef = 3D991C5A28C6319900F7426D /* ReportRegisterModel.swift */; };
		3D991C5D28C631E800F7426D /* ReportRegisterViewModel.swift in Sources */ = {isa = PBXBuildFile; fileRef = 3D991C5C28C631E800F7426D /* ReportRegisterViewModel.swift */; };
		3D991C6228C7300200F7426D /* RiskAnalysisView.swift in Sources */ = {isa = PBXBuildFile; fileRef = 3D991C6128C7300200F7426D /* RiskAnalysisView.swift */; };
		3D991C6428C7379600F7426D /* RiskAnalysisViewModel.swift in Sources */ = {isa = PBXBuildFile; fileRef = 3D991C6328C7379600F7426D /* RiskAnalysisViewModel.swift */; };
		3DAC2CD028ADF4DD00B06C67 /* QRCodeScanner.swift in Sources */ = {isa = PBXBuildFile; fileRef = 3DAC2CCF28ADF4DD00B06C67 /* QRCodeScanner.swift */; };
		3DAC2CD228ADF51300B06C67 /* QRCameraCell.swift in Sources */ = {isa = PBXBuildFile; fileRef = 3DAC2CD128ADF51300B06C67 /* QRCameraCell.swift */; };
		3DAC2CD528ADF5CA00B06C67 /* VC.swift in Sources */ = {isa = PBXBuildFile; fileRef = 3DAC2CD428ADF5CA00B06C67 /* VC.swift */; };
		3DE4842C28A248AD00B6EE4A /* ENGApp.swift in Sources */ = {isa = PBXBuildFile; fileRef = 3DE4842B28A248AD00B6EE4A /* ENGApp.swift */; };
		3DE4843028A248AE00B6EE4A /* Assets.xcassets in Resources */ = {isa = PBXBuildFile; fileRef = 3DE4842F28A248AE00B6EE4A /* Assets.xcassets */; };
		3DE4843328A248AE00B6EE4A /* Preview Assets.xcassets in Resources */ = {isa = PBXBuildFile; fileRef = 3DE4843228A248AE00B6EE4A /* Preview Assets.xcassets */; };
		3DE4843F28A24D1000B6EE4A /* FacilityView.swift in Sources */ = {isa = PBXBuildFile; fileRef = 3DE4843E28A24D1000B6EE4A /* FacilityView.swift */; };
		3DE4844128A3544B00B6EE4A /* ColorExtension.swift in Sources */ = {isa = PBXBuildFile; fileRef = 3DE4844028A3544B00B6EE4A /* ColorExtension.swift */; };
		3DE4844728A37E7F00B6EE4A /* FacilityRow.swift in Sources */ = {isa = PBXBuildFile; fileRef = 3DE4844628A37E7F00B6EE4A /* FacilityRow.swift */; };
		3DE4844F28A4C6E800B6EE4A /* LoginView.swift in Sources */ = {isa = PBXBuildFile; fileRef = 3DE4844E28A4C6E800B6EE4A /* LoginView.swift */; };
		3DE4845128A4C6FA00B6EE4A /* MyPageView.swift in Sources */ = {isa = PBXBuildFile; fileRef = 3DE4845028A4C6FA00B6EE4A /* MyPageView.swift */; };
		3DE4845428A4D97E00B6EE4A /* SignUpView.swift in Sources */ = {isa = PBXBuildFile; fileRef = 3DE4845328A4D97E00B6EE4A /* SignUpView.swift */; };
		3DE4845628A4D9A500B6EE4A /* FindAccountView.swift in Sources */ = {isa = PBXBuildFile; fileRef = 3DE4845528A4D9A500B6EE4A /* FindAccountView.swift */; };
		3DE4845828AB278C00B6EE4A /* ViewExtension.swift in Sources */ = {isa = PBXBuildFile; fileRef = 3DE4845728AB278C00B6EE4A /* ViewExtension.swift */; };
		3DE4845B28AB39AB00B6EE4A /* SignedMyPageView.swift in Sources */ = {isa = PBXBuildFile; fileRef = 3DE4845A28AB39AB00B6EE4A /* SignedMyPageView.swift */; };
		3DE4845D28AB407700B6EE4A /* ReportListRowView.swift in Sources */ = {isa = PBXBuildFile; fileRef = 3DE4845C28AB407700B6EE4A /* ReportListRowView.swift */; };
		3DE4845F28AB4B6400B6EE4A /* IntExtension.swift in Sources */ = {isa = PBXBuildFile; fileRef = 3DE4845E28AB4B6400B6EE4A /* IntExtension.swift */; };
		3DE4846128AB515500B6EE4A /* Font.swift in Sources */ = {isa = PBXBuildFile; fileRef = 3DE4846028AB515500B6EE4A /* Font.swift */; };
		3DE4846328AB56B300B6EE4A /* PostingListRowView.swift in Sources */ = {isa = PBXBuildFile; fileRef = 3DE4846228AB56B300B6EE4A /* PostingListRowView.swift */; };
		3DE4846528AB675100B6EE4A /* ReportListView.swift in Sources */ = {isa = PBXBuildFile; fileRef = 3DE4846428AB675100B6EE4A /* ReportListView.swift */; };
		3DE4846728AB681000B6EE4A /* ReportListDetailRowView.swift in Sources */ = {isa = PBXBuildFile; fileRef = 3DE4846628AB681000B6EE4A /* ReportListDetailRowView.swift */; };
		3DE4846928AB6CD300B6EE4A /* PostListView.swift in Sources */ = {isa = PBXBuildFile; fileRef = 3DE4846828AB6CD300B6EE4A /* PostListView.swift */; };
		3DE4846D28AC864700B6EE4A /* FacilityDetailMainView.swift in Sources */ = {isa = PBXBuildFile; fileRef = 3DE4846C28AC864700B6EE4A /* FacilityDetailMainView.swift */; };
		3DE4846F28AC9F1F00B6EE4A /* SafetyListView.swift in Sources */ = {isa = PBXBuildFile; fileRef = 3DE4846E28AC9F1F00B6EE4A /* SafetyListView.swift */; };
		3DE4847128ACA00300B6EE4A /* PostingView.swift in Sources */ = {isa = PBXBuildFile; fileRef = 3DE4847028ACA00300B6EE4A /* PostingView.swift */; };
		3DE4847328ACC47800B6EE4A /* PostDetailView.swift in Sources */ = {isa = PBXBuildFile; fileRef = 3DE4847228ACC47800B6EE4A /* PostDetailView.swift */; };
/* End PBXBuildFile section */

/* Begin PBXFileReference section */
		3D22B19428B34CA500EE9D00 /* FindIDView.swift */ = {isa = PBXFileReference; lastKnownFileType = sourcecode.swift; path = FindIDView.swift; sourceTree = "<group>"; };
		3D22B19628B34CB200EE9D00 /* FindPasswordView.swift */ = {isa = PBXFileReference; lastKnownFileType = sourcecode.swift; path = FindPasswordView.swift; sourceTree = "<group>"; };
		3D22B1BA28B4722600EE9D00 /* SignUpModel.swift */ = {isa = PBXFileReference; lastKnownFileType = sourcecode.swift; path = SignUpModel.swift; sourceTree = "<group>"; };
		3D22B1C128B4E40800EE9D00 /* SignUpViewModel.swift */ = {isa = PBXFileReference; lastKnownFileType = sourcecode.swift; path = SignUpViewModel.swift; sourceTree = "<group>"; };
		3D22B1C528B5B28200EE9D00 /* MyFacilityModel.swift */ = {isa = PBXFileReference; lastKnownFileType = sourcecode.swift; path = MyFacilityModel.swift; sourceTree = "<group>"; };
		3D22B1C728B5B2ED00EE9D00 /* MyFacilityViewModel.swift */ = {isa = PBXFileReference; lastKnownFileType = sourcecode.swift; path = MyFacilityViewModel.swift; sourceTree = "<group>"; };
		3D22B1C928B5DFB100EE9D00 /* LoginModel.swift */ = {isa = PBXFileReference; lastKnownFileType = sourcecode.swift; path = LoginModel.swift; sourceTree = "<group>"; };
		3D22B1CB28B5E18400EE9D00 /* LoginViewModel.swift */ = {isa = PBXFileReference; lastKnownFileType = sourcecode.swift; path = LoginViewModel.swift; sourceTree = "<group>"; };
		3D22B1CE28B5E1ED00EE9D00 /* NetworkResources.swift */ = {isa = PBXFileReference; lastKnownFileType = sourcecode.swift; path = NetworkResources.swift; sourceTree = "<group>"; };
		3D22B1D328B644B100EE9D00 /* FacilityResgistrationModel.swift */ = {isa = PBXFileReference; lastKnownFileType = sourcecode.swift; path = FacilityResgistrationModel.swift; sourceTree = "<group>"; };
		3D22B1D528B7367500EE9D00 /* FindIdModel.swift */ = {isa = PBXFileReference; lastKnownFileType = sourcecode.swift; path = FindIdModel.swift; sourceTree = "<group>"; };
		3D22B1D728B7378E00EE9D00 /* FindIdViewModel.swift */ = {isa = PBXFileReference; lastKnownFileType = sourcecode.swift; path = FindIdViewModel.swift; sourceTree = "<group>"; };
		3D22B1D928B747D600EE9D00 /* FacilityPosterModel.swift */ = {isa = PBXFileReference; lastKnownFileType = sourcecode.swift; path = FacilityPosterModel.swift; sourceTree = "<group>"; };
		3D22B1DB28B74A2000EE9D00 /* FacilityDetailMainViewModel.swift */ = {isa = PBXFileReference; lastKnownFileType = sourcecode.swift; path = FacilityDetailMainViewModel.swift; sourceTree = "<group>"; };
		3D22B1DD28B89DBC00EE9D00 /* ResetPWModel.swift */ = {isa = PBXFileReference; lastKnownFileType = sourcecode.swift; path = ResetPWModel.swift; sourceTree = "<group>"; };
		3D22B1DF28B89E2600EE9D00 /* ResetPWViewModel.swift */ = {isa = PBXFileReference; lastKnownFileType = sourcecode.swift; path = ResetPWViewModel.swift; sourceTree = "<group>"; };
		3D22B1E128BE075D00EE9D00 /* CommentTextfieldView.swift */ = {isa = PBXFileReference; lastKnownFileType = sourcecode.swift; path = CommentTextfieldView.swift; sourceTree = "<group>"; };
		3D22B1E328BE3A2C00EE9D00 /* SaftyPosterModel.swift */ = {isa = PBXFileReference; lastKnownFileType = sourcecode.swift; path = SaftyPosterModel.swift; sourceTree = "<group>"; };
		3D22B1E528BE3B0000EE9D00 /* SaftyListViewModel.swift */ = {isa = PBXFileReference; lastKnownFileType = sourcecode.swift; path = SaftyListViewModel.swift; sourceTree = "<group>"; };
		3D22B1E728BE4A7900EE9D00 /* ContentDetailModel.swift */ = {isa = PBXFileReference; lastKnownFileType = sourcecode.swift; path = ContentDetailModel.swift; sourceTree = "<group>"; };
		3D22B1E928BE4C9C00EE9D00 /* ContentDetailViewModel.swift */ = {isa = PBXFileReference; lastKnownFileType = sourcecode.swift; path = ContentDetailViewModel.swift; sourceTree = "<group>"; };
		3D22B1EB28BF3D4800EE9D00 /* StringExtension.swift */ = {isa = PBXFileReference; lastKnownFileType = sourcecode.swift; path = StringExtension.swift; sourceTree = "<group>"; };
		3D22B1EF28BF4D4200EE9D00 /* MyPageModel.swift */ = {isa = PBXFileReference; lastKnownFileType = sourcecode.swift; path = MyPageModel.swift; sourceTree = "<group>"; };
		3D22B1F128BF4E2200EE9D00 /* MyPageViewModel.swift */ = {isa = PBXFileReference; lastKnownFileType = sourcecode.swift; path = MyPageViewModel.swift; sourceTree = "<group>"; };
		3D4DC1F928ACCFF000E69E23 /* CommentRowView.swift */ = {isa = PBXFileReference; lastKnownFileType = sourcecode.swift; path = CommentRowView.swift; sourceTree = "<group>"; };
		3D4DC1FB28ADCC1F00E69E23 /* ReportView.swift */ = {isa = PBXFileReference; lastKnownFileType = sourcecode.swift; path = ReportView.swift; sourceTree = "<group>"; };
		3D4DC1FF28ADF06000E69E23 /* Launch Screen.storyboard */ = {isa = PBXFileReference; lastKnownFileType = file.storyboard; path = "Launch Screen.storyboard"; sourceTree = "<group>"; };
		3D991C4E28BF789D00F7426D /* ImagePicker.swift */ = {isa = PBXFileReference; lastKnownFileType = sourcecode.swift; path = ImagePicker.swift; sourceTree = "<group>"; };
		3D991C5028C0F5DC00F7426D /* ContentRegisterModel.swift */ = {isa = PBXFileReference; lastKnownFileType = sourcecode.swift; path = ContentRegisterModel.swift; sourceTree = "<group>"; };
		3D991C5428C4C0BF00F7426D /* MyContentListModel.swift */ = {isa = PBXFileReference; lastKnownFileType = sourcecode.swift; path = MyContentListModel.swift; sourceTree = "<group>"; };
		3D991C5628C4C19E00F7426D /* MyContentListViewModel.swift */ = {isa = PBXFileReference; lastKnownFileType = sourcecode.swift; path = MyContentListViewModel.swift; sourceTree = "<group>"; };
		3D991C5828C628B700F7426D /* ContentRegisterViewModel.swift */ = {isa = PBXFileReference; lastKnownFileType = sourcecode.swift; path = ContentRegisterViewModel.swift; sourceTree = "<group>"; };
		3D991C5A28C6319900F7426D /* ReportRegisterModel.swift */ = {isa = PBXFileReference; lastKnownFileType = sourcecode.swift; path = ReportRegisterModel.swift; sourceTree = "<group>"; };
		3D991C5C28C631E800F7426D /* ReportRegisterViewModel.swift */ = {isa = PBXFileReference; lastKnownFileType = sourcecode.swift; path = ReportRegisterViewModel.swift; sourceTree = "<group>"; };
		3D991C6128C7300200F7426D /* RiskAnalysisView.swift */ = {isa = PBXFileReference; lastKnownFileType = sourcecode.swift; path = RiskAnalysisView.swift; sourceTree = "<group>"; };
		3D991C6328C7379600F7426D /* RiskAnalysisViewModel.swift */ = {isa = PBXFileReference; lastKnownFileType = sourcecode.swift; path = RiskAnalysisViewModel.swift; sourceTree = "<group>"; };
		3DAC2CCF28ADF4DD00B06C67 /* QRCodeScanner.swift */ = {isa = PBXFileReference; lastKnownFileType = sourcecode.swift; path = QRCodeScanner.swift; sourceTree = "<group>"; };
		3DAC2CD128ADF51300B06C67 /* QRCameraCell.swift */ = {isa = PBXFileReference; lastKnownFileType = sourcecode.swift; path = QRCameraCell.swift; sourceTree = "<group>"; };
		3DAC2CD428ADF5CA00B06C67 /* VC.swift */ = {isa = PBXFileReference; lastKnownFileType = sourcecode.swift; path = VC.swift; sourceTree = "<group>"; };
		3DAC2CD628ADF70F00B06C67 /* Info.plist */ = {isa = PBXFileReference; lastKnownFileType = text.plist; path = Info.plist; sourceTree = "<group>"; };
		3DE4842828A248AD00B6EE4A /* ENG.app */ = {isa = PBXFileReference; explicitFileType = wrapper.application; includeInIndex = 0; path = ENG.app; sourceTree = BUILT_PRODUCTS_DIR; };
		3DE4842B28A248AD00B6EE4A /* ENGApp.swift */ = {isa = PBXFileReference; lastKnownFileType = sourcecode.swift; path = ENGApp.swift; sourceTree = "<group>"; };
		3DE4842F28A248AE00B6EE4A /* Assets.xcassets */ = {isa = PBXFileReference; lastKnownFileType = folder.assetcatalog; path = Assets.xcassets; sourceTree = "<group>"; };
		3DE4843228A248AE00B6EE4A /* Preview Assets.xcassets */ = {isa = PBXFileReference; lastKnownFileType = folder.assetcatalog; path = "Preview Assets.xcassets"; sourceTree = "<group>"; };
		3DE4843E28A24D1000B6EE4A /* FacilityView.swift */ = {isa = PBXFileReference; lastKnownFileType = sourcecode.swift; path = FacilityView.swift; sourceTree = "<group>"; };
		3DE4844028A3544B00B6EE4A /* ColorExtension.swift */ = {isa = PBXFileReference; lastKnownFileType = sourcecode.swift; path = ColorExtension.swift; sourceTree = "<group>"; };
		3DE4844628A37E7F00B6EE4A /* FacilityRow.swift */ = {isa = PBXFileReference; lastKnownFileType = sourcecode.swift; path = FacilityRow.swift; sourceTree = "<group>"; };
		3DE4844E28A4C6E800B6EE4A /* LoginView.swift */ = {isa = PBXFileReference; lastKnownFileType = sourcecode.swift; path = LoginView.swift; sourceTree = "<group>"; };
		3DE4845028A4C6FA00B6EE4A /* MyPageView.swift */ = {isa = PBXFileReference; lastKnownFileType = sourcecode.swift; path = MyPageView.swift; sourceTree = "<group>"; };
		3DE4845328A4D97E00B6EE4A /* SignUpView.swift */ = {isa = PBXFileReference; lastKnownFileType = sourcecode.swift; path = SignUpView.swift; sourceTree = "<group>"; };
		3DE4845528A4D9A500B6EE4A /* FindAccountView.swift */ = {isa = PBXFileReference; lastKnownFileType = sourcecode.swift; path = FindAccountView.swift; sourceTree = "<group>"; };
		3DE4845728AB278C00B6EE4A /* ViewExtension.swift */ = {isa = PBXFileReference; lastKnownFileType = sourcecode.swift; path = ViewExtension.swift; sourceTree = "<group>"; };
		3DE4845A28AB39AB00B6EE4A /* SignedMyPageView.swift */ = {isa = PBXFileReference; lastKnownFileType = sourcecode.swift; path = SignedMyPageView.swift; sourceTree = "<group>"; };
		3DE4845C28AB407700B6EE4A /* ReportListRowView.swift */ = {isa = PBXFileReference; lastKnownFileType = sourcecode.swift; path = ReportListRowView.swift; sourceTree = "<group>"; };
		3DE4845E28AB4B6400B6EE4A /* IntExtension.swift */ = {isa = PBXFileReference; lastKnownFileType = sourcecode.swift; path = IntExtension.swift; sourceTree = "<group>"; };
		3DE4846028AB515500B6EE4A /* Font.swift */ = {isa = PBXFileReference; lastKnownFileType = sourcecode.swift; path = Font.swift; sourceTree = "<group>"; };
		3DE4846228AB56B300B6EE4A /* PostingListRowView.swift */ = {isa = PBXFileReference; lastKnownFileType = sourcecode.swift; path = PostingListRowView.swift; sourceTree = "<group>"; };
		3DE4846428AB675100B6EE4A /* ReportListView.swift */ = {isa = PBXFileReference; lastKnownFileType = sourcecode.swift; path = ReportListView.swift; sourceTree = "<group>"; };
		3DE4846628AB681000B6EE4A /* ReportListDetailRowView.swift */ = {isa = PBXFileReference; lastKnownFileType = sourcecode.swift; path = ReportListDetailRowView.swift; sourceTree = "<group>"; };
		3DE4846828AB6CD300B6EE4A /* PostListView.swift */ = {isa = PBXFileReference; lastKnownFileType = sourcecode.swift; path = PostListView.swift; sourceTree = "<group>"; };
		3DE4846C28AC864700B6EE4A /* FacilityDetailMainView.swift */ = {isa = PBXFileReference; lastKnownFileType = sourcecode.swift; path = FacilityDetailMainView.swift; sourceTree = "<group>"; };
		3DE4846E28AC9F1F00B6EE4A /* SafetyListView.swift */ = {isa = PBXFileReference; lastKnownFileType = sourcecode.swift; path = SafetyListView.swift; sourceTree = "<group>"; };
		3DE4847028ACA00300B6EE4A /* PostingView.swift */ = {isa = PBXFileReference; lastKnownFileType = sourcecode.swift; path = PostingView.swift; sourceTree = "<group>"; };
		3DE4847228ACC47800B6EE4A /* PostDetailView.swift */ = {isa = PBXFileReference; lastKnownFileType = sourcecode.swift; path = PostDetailView.swift; sourceTree = "<group>"; };
/* End PBXFileReference section */

/* Begin PBXFrameworksBuildPhase section */
		3DE4842528A248AD00B6EE4A /* Frameworks */ = {
			isa = PBXFrameworksBuildPhase;
			buildActionMask = 2147483647;
			files = (
			);
			runOnlyForDeploymentPostprocessing = 0;
		};
/* End PBXFrameworksBuildPhase section */

/* Begin PBXGroup section */
		3D22B1CD28B5E1BB00EE9D00 /* Network */ = {
			isa = PBXGroup;
			children = (
				3D22B1CE28B5E1ED00EE9D00 /* NetworkResources.swift */,
			);
			path = Network;
			sourceTree = "<group>";
		};
		3D991C5E28C72FD600F7426D /* RiskAnalysis */ = {
			isa = PBXGroup;
			children = (
				3D991C6128C7300200F7426D /* RiskAnalysisView.swift */,
			);
			path = RiskAnalysis;
			sourceTree = "<group>";
		};
		3DAC2CD328ADF59000B06C67 /* QRScanner */ = {
			isa = PBXGroup;
			children = (
				3DAC2CCF28ADF4DD00B06C67 /* QRCodeScanner.swift */,
				3DAC2CD128ADF51300B06C67 /* QRCameraCell.swift */,
				3DAC2CD428ADF5CA00B06C67 /* VC.swift */,
			);
			path = QRScanner;
			sourceTree = "<group>";
		};
		3DAC2CD728ADF7B000B06C67 /* Posting */ = {
			isa = PBXGroup;
			children = (
				3DE4846E28AC9F1F00B6EE4A /* SafetyListView.swift */,
				3DE4847028ACA00300B6EE4A /* PostingView.swift */,
				3DE4847228ACC47800B6EE4A /* PostDetailView.swift */,
				3D4DC1F928ACCFF000E69E23 /* CommentRowView.swift */,
				3D22B1E128BE075D00EE9D00 /* CommentTextfieldView.swift */,
			);
			path = Posting;
			sourceTree = "<group>";
		};
		3DAC2CD828ADF7C200B06C67 /* Report */ = {
			isa = PBXGroup;
			children = (
				3D4DC1FB28ADCC1F00E69E23 /* ReportView.swift */,
				3D991C4E28BF789D00F7426D /* ImagePicker.swift */,
			);
			path = Report;
			sourceTree = "<group>";
		};
		3DE4841F28A248AD00B6EE4A = {
			isa = PBXGroup;
			children = (
				3DE4842A28A248AD00B6EE4A /* ENG */,
				3DE4842928A248AD00B6EE4A /* Products */,
			);
			sourceTree = "<group>";
		};
		3DE4842928A248AD00B6EE4A /* Products */ = {
			isa = PBXGroup;
			children = (
				3DE4842828A248AD00B6EE4A /* ENG.app */,
			);
			name = Products;
			sourceTree = "<group>";
		};
		3DE4842A28A248AD00B6EE4A /* ENG */ = {
			isa = PBXGroup;
			children = (
				3DAC2CD628ADF70F00B06C67 /* Info.plist */,
				3DE4842B28A248AD00B6EE4A /* ENGApp.swift */,
				3D22B1CD28B5E1BB00EE9D00 /* Network */,
				3DE4844828A3974900B6EE4A /* Font */,
				3DE4843928A24B8F00B6EE4A /* Extensions */,
				3DE4843B28A24BA700B6EE4A /* ViewModels */,
				3DE4843A28A24B9B00B6EE4A /* Models */,
				3DE4843C28A24BB500B6EE4A /* Views */,
				3DE4842F28A248AE00B6EE4A /* Assets.xcassets */,
				3DE4843128A248AE00B6EE4A /* Preview Content */,
				3D4DC1FF28ADF06000E69E23 /* Launch Screen.storyboard */,
			);
			path = ENG;
			sourceTree = "<group>";
		};
		3DE4843128A248AE00B6EE4A /* Preview Content */ = {
			isa = PBXGroup;
			children = (
				3DE4843228A248AE00B6EE4A /* Preview Assets.xcassets */,
			);
			path = "Preview Content";
			sourceTree = "<group>";
		};
		3DE4843928A24B8F00B6EE4A /* Extensions */ = {
			isa = PBXGroup;
			children = (
				3DE4844028A3544B00B6EE4A /* ColorExtension.swift */,
				3DE4845728AB278C00B6EE4A /* ViewExtension.swift */,
				3DE4845E28AB4B6400B6EE4A /* IntExtension.swift */,
				3D22B1EB28BF3D4800EE9D00 /* StringExtension.swift */,
			);
			path = Extensions;
			sourceTree = "<group>";
		};
		3DE4843A28A24B9B00B6EE4A /* Models */ = {
			isa = PBXGroup;
			children = (
				3D22B1BA28B4722600EE9D00 /* SignUpModel.swift */,
				3D22B1C528B5B28200EE9D00 /* MyFacilityModel.swift */,
				3D22B1C928B5DFB100EE9D00 /* LoginModel.swift */,
				3D22B1D328B644B100EE9D00 /* FacilityResgistrationModel.swift */,
				3D22B1D528B7367500EE9D00 /* FindIdModel.swift */,
				3D22B1D928B747D600EE9D00 /* FacilityPosterModel.swift */,
				3D22B1DD28B89DBC00EE9D00 /* ResetPWModel.swift */,
				3D22B1E328BE3A2C00EE9D00 /* SaftyPosterModel.swift */,
				3D22B1E728BE4A7900EE9D00 /* ContentDetailModel.swift */,
				3D22B1EF28BF4D4200EE9D00 /* MyPageModel.swift */,
				3D991C5028C0F5DC00F7426D /* ContentRegisterModel.swift */,
				3D991C5428C4C0BF00F7426D /* MyContentListModel.swift */,
				3D991C5A28C6319900F7426D /* ReportRegisterModel.swift */,
			);
			path = Models;
			sourceTree = "<group>";
		};
		3DE4843B28A24BA700B6EE4A /* ViewModels */ = {
			isa = PBXGroup;
			children = (
				3D22B1C128B4E40800EE9D00 /* SignUpViewModel.swift */,
				3D22B1C728B5B2ED00EE9D00 /* MyFacilityViewModel.swift */,
				3D22B1CB28B5E18400EE9D00 /* LoginViewModel.swift */,
				3D22B1D728B7378E00EE9D00 /* FindIdViewModel.swift */,
				3D22B1DB28B74A2000EE9D00 /* FacilityDetailMainViewModel.swift */,
				3D22B1DF28B89E2600EE9D00 /* ResetPWViewModel.swift */,
				3D22B1E528BE3B0000EE9D00 /* SaftyListViewModel.swift */,
				3D22B1E928BE4C9C00EE9D00 /* ContentDetailViewModel.swift */,
				3D22B1F128BF4E2200EE9D00 /* MyPageViewModel.swift */,
				3D991C5628C4C19E00F7426D /* MyContentListViewModel.swift */,
				3D991C5828C628B700F7426D /* ContentRegisterViewModel.swift */,
				3D991C5C28C631E800F7426D /* ReportRegisterViewModel.swift */,
				3D991C6328C7379600F7426D /* RiskAnalysisViewModel.swift */,
			);
			path = ViewModels;
			sourceTree = "<group>";
		};
		3DE4843C28A24BB500B6EE4A /* Views */ = {
			isa = PBXGroup;
			children = (
				3DE4844D28A4C6CC00B6EE4A /* MyPageViews */,
				3DE4843D28A24D0400B6EE4A /*  FacilityListViews */,
			);
			path = Views;
			sourceTree = "<group>";
		};
		3DE4843D28A24D0400B6EE4A /*  FacilityListViews */ = {
			isa = PBXGroup;
			children = (
				3DE4846B28AC862900B6EE4A /* FacilityDetailViews */,
				3DE4843E28A24D1000B6EE4A /* FacilityView.swift */,
				3DE4844628A37E7F00B6EE4A /* FacilityRow.swift */,
			);
			path = " FacilityListViews";
			sourceTree = "<group>";
		};
		3DE4844828A3974900B6EE4A /* Font */ = {
			isa = PBXGroup;
			children = (
				3DE4846028AB515500B6EE4A /* Font.swift */,
			);
			path = Font;
			sourceTree = "<group>";
		};
		3DE4844D28A4C6CC00B6EE4A /* MyPageViews */ = {
			isa = PBXGroup;
			children = (
				3DE4845228A4D92A00B6EE4A /* AccountViews */,
				3DE4845928AB390300B6EE4A /* SignedMyPageViews */,
				3DE4845028A4C6FA00B6EE4A /* MyPageView.swift */,
			);
			path = MyPageViews;
			sourceTree = "<group>";
		};
		3DE4845228A4D92A00B6EE4A /* AccountViews */ = {
			isa = PBXGroup;
			children = (
				3DE4844E28A4C6E800B6EE4A /* LoginView.swift */,
				3DE4845328A4D97E00B6EE4A /* SignUpView.swift */,
				3DE4845528A4D9A500B6EE4A /* FindAccountView.swift */,
				3D22B19428B34CA500EE9D00 /* FindIDView.swift */,
				3D22B19628B34CB200EE9D00 /* FindPasswordView.swift */,
			);
			path = AccountViews;
			sourceTree = "<group>";
		};
		3DE4845928AB390300B6EE4A /* SignedMyPageViews */ = {
			isa = PBXGroup;
			children = (
				3DE4846A28AB72E700B6EE4A /* Rows */,
				3DE4845A28AB39AB00B6EE4A /* SignedMyPageView.swift */,
				3DE4846428AB675100B6EE4A /* ReportListView.swift */,
				3DE4846828AB6CD300B6EE4A /* PostListView.swift */,
			);
			path = SignedMyPageViews;
			sourceTree = "<group>";
		};
		3DE4846A28AB72E700B6EE4A /* Rows */ = {
			isa = PBXGroup;
			children = (
				3DE4845C28AB407700B6EE4A /* ReportListRowView.swift */,
				3DE4846628AB681000B6EE4A /* ReportListDetailRowView.swift */,
				3DE4846228AB56B300B6EE4A /* PostingListRowView.swift */,
			);
			path = Rows;
			sourceTree = "<group>";
		};
		3DE4846B28AC862900B6EE4A /* FacilityDetailViews */ = {
			isa = PBXGroup;
			children = (
				3D991C5E28C72FD600F7426D /* RiskAnalysis */,
				3DAC2CD828ADF7C200B06C67 /* Report */,
				3DAC2CD728ADF7B000B06C67 /* Posting */,
				3DAC2CD328ADF59000B06C67 /* QRScanner */,
				3DE4846C28AC864700B6EE4A /* FacilityDetailMainView.swift */,
			);
			path = FacilityDetailViews;
			sourceTree = "<group>";
		};
/* End PBXGroup section */

/* Begin PBXNativeTarget section */
		3DE4842728A248AD00B6EE4A /* ENG */ = {
			isa = PBXNativeTarget;
			buildConfigurationList = 3DE4843628A248AE00B6EE4A /* Build configuration list for PBXNativeTarget "ENG" */;
			buildPhases = (
				3DE4842428A248AD00B6EE4A /* Sources */,
				3DE4842528A248AD00B6EE4A /* Frameworks */,
				3DE4842628A248AD00B6EE4A /* Resources */,
			);
			buildRules = (
			);
			dependencies = (
			);
			name = ENG;
			productName = ENG;
			productReference = 3DE4842828A248AD00B6EE4A /* ENG.app */;
			productType = "com.apple.product-type.application";
		};
/* End PBXNativeTarget section */

/* Begin PBXProject section */
		3DE4842028A248AD00B6EE4A /* Project object */ = {
			isa = PBXProject;
			attributes = {
				BuildIndependentTargetsInParallel = 1;
				LastSwiftUpdateCheck = 1340;
				LastUpgradeCheck = 1340;
				TargetAttributes = {
					3DE4842728A248AD00B6EE4A = {
						CreatedOnToolsVersion = 13.4.1;
					};
				};
			};
			buildConfigurationList = 3DE4842328A248AD00B6EE4A /* Build configuration list for PBXProject "ENG" */;
			compatibilityVersion = "Xcode 13.0";
			developmentRegion = en;
			hasScannedForEncodings = 0;
			knownRegions = (
				en,
				Base,
			);
			mainGroup = 3DE4841F28A248AD00B6EE4A;
			productRefGroup = 3DE4842928A248AD00B6EE4A /* Products */;
			projectDirPath = "";
			projectRoot = "";
			targets = (
				3DE4842728A248AD00B6EE4A /* ENG */,
			);
		};
/* End PBXProject section */

/* Begin PBXResourcesBuildPhase section */
		3DE4842628A248AD00B6EE4A /* Resources */ = {
			isa = PBXResourcesBuildPhase;
			buildActionMask = 2147483647;
			files = (
				3D4DC20028ADF06000E69E23 /* Launch Screen.storyboard in Resources */,
				3DE4843328A248AE00B6EE4A /* Preview Assets.xcassets in Resources */,
				3DE4843028A248AE00B6EE4A /* Assets.xcassets in Resources */,
			);
			runOnlyForDeploymentPostprocessing = 0;
		};
/* End PBXResourcesBuildPhase section */

/* Begin PBXSourcesBuildPhase section */
		3DE4842428A248AD00B6EE4A /* Sources */ = {
			isa = PBXSourcesBuildPhase;
			buildActionMask = 2147483647;
			files = (
				3D22B19728B34CB200EE9D00 /* FindPasswordView.swift in Sources */,
				3DE4844128A3544B00B6EE4A /* ColorExtension.swift in Sources */,
				3DE4846F28AC9F1F00B6EE4A /* SafetyListView.swift in Sources */,
				3D991C6428C7379600F7426D /* RiskAnalysisViewModel.swift in Sources */,
				3D22B1E028B89E2600EE9D00 /* ResetPWViewModel.swift in Sources */,
				3DE4845128A4C6FA00B6EE4A /* MyPageView.swift in Sources */,
				3DE4846128AB515500B6EE4A /* Font.swift in Sources */,
				3D22B1CF28B5E1ED00EE9D00 /* NetworkResources.swift in Sources */,
				3D22B1DC28B74A2000EE9D00 /* FacilityDetailMainViewModel.swift in Sources */,
				3D22B1EA28BE4C9C00EE9D00 /* ContentDetailViewModel.swift in Sources */,
				3D22B19528B34CA500EE9D00 /* FindIDView.swift in Sources */,
				3DE4846528AB675100B6EE4A /* ReportListView.swift in Sources */,
				3DE4844F28A4C6E800B6EE4A /* LoginView.swift in Sources */,
				3D991C4F28BF789D00F7426D /* ImagePicker.swift in Sources */,
				3D22B1CC28B5E18400EE9D00 /* LoginViewModel.swift in Sources */,
				3D22B1E828BE4A7900EE9D00 /* ContentDetailModel.swift in Sources */,
				3D22B1C628B5B28200EE9D00 /* MyFacilityModel.swift in Sources */,
				3D22B1C828B5B2ED00EE9D00 /* MyFacilityViewModel.swift in Sources */,
				3DE4842C28A248AD00B6EE4A /* ENGApp.swift in Sources */,
				3D22B1F228BF4E2200EE9D00 /* MyPageViewModel.swift in Sources */,
				3D22B1E228BE075D00EE9D00 /* CommentTextfieldView.swift in Sources */,
				3D22B1BB28B4722600EE9D00 /* SignUpModel.swift in Sources */,
				3DE4846328AB56B300B6EE4A /* PostingListRowView.swift in Sources */,
				3D22B1EC28BF3D4800EE9D00 /* StringExtension.swift in Sources */,
				3D22B1E428BE3A2C00EE9D00 /* SaftyPosterModel.swift in Sources */,
				3D22B1DE28B89DBC00EE9D00 /* ResetPWModel.swift in Sources */,
				3DE4845B28AB39AB00B6EE4A /* SignedMyPageView.swift in Sources */,
				3D22B1CA28B5DFB100EE9D00 /* LoginModel.swift in Sources */,
				3D22B1D628B7367500EE9D00 /* FindIdModel.swift in Sources */,
				3D991C5D28C631E800F7426D /* ReportRegisterViewModel.swift in Sources */,
				3DAC2CD028ADF4DD00B06C67 /* QRCodeScanner.swift in Sources */,
				3DE4847328ACC47800B6EE4A /* PostDetailView.swift in Sources */,
				3D22B1DA28B747D600EE9D00 /* FacilityPosterModel.swift in Sources */,
				3D991C5528C4C0BF00F7426D /* MyContentListModel.swift in Sources */,
				3DE4844728A37E7F00B6EE4A /* FacilityRow.swift in Sources */,
				3DE4845828AB278C00B6EE4A /* ViewExtension.swift in Sources */,
				3DE4845D28AB407700B6EE4A /* ReportListRowView.swift in Sources */,
				3DE4846928AB6CD300B6EE4A /* PostListView.swift in Sources */,
				3DE4845F28AB4B6400B6EE4A /* IntExtension.swift in Sources */,
				3DE4847128ACA00300B6EE4A /* PostingView.swift in Sources */,
				3D22B1D828B7378E00EE9D00 /* FindIdViewModel.swift in Sources */,
				3D22B1E628BE3B0000EE9D00 /* SaftyListViewModel.swift in Sources */,
				3D22B1D428B644B100EE9D00 /* FacilityResgistrationModel.swift in Sources */,
				3DE4843F28A24D1000B6EE4A /* FacilityView.swift in Sources */,
				3D4DC1FC28ADCC1F00E69E23 /* ReportView.swift in Sources */,
				3DAC2CD528ADF5CA00B06C67 /* VC.swift in Sources */,
				3D991C6228C7300200F7426D /* RiskAnalysisView.swift in Sources */,
				3D22B1C228B4E40800EE9D00 /* SignUpViewModel.swift in Sources */,
				3DAC2CD228ADF51300B06C67 /* QRCameraCell.swift in Sources */,
				3DE4846D28AC864700B6EE4A /* FacilityDetailMainView.swift in Sources */,
				3D991C5128C0F5DC00F7426D /* ContentRegisterModel.swift in Sources */,
				3DE4845628A4D9A500B6EE4A /* FindAccountView.swift in Sources */,
				3D991C5928C628B700F7426D /* ContentRegisterViewModel.swift in Sources */,
				3DE4845428A4D97E00B6EE4A /* SignUpView.swift in Sources */,
				3D22B1F028BF4D4200EE9D00 /* MyPageModel.swift in Sources */,
				3D4DC1FA28ACCFF000E69E23 /* CommentRowView.swift in Sources */,
				3D991C5728C4C19E00F7426D /* MyContentListViewModel.swift in Sources */,
				3D991C5B28C6319900F7426D /* ReportRegisterModel.swift in Sources */,
				3DE4846728AB681000B6EE4A /* ReportListDetailRowView.swift in Sources */,
			);
			runOnlyForDeploymentPostprocessing = 0;
		};
/* End PBXSourcesBuildPhase section */

/* Begin XCBuildConfiguration section */
		3DE4843428A248AE00B6EE4A /* Debug */ = {
			isa = XCBuildConfiguration;
			buildSettings = {
				ALWAYS_SEARCH_USER_PATHS = NO;
				CLANG_ANALYZER_NONNULL = YES;
				CLANG_ANALYZER_NUMBER_OBJECT_CONVERSION = YES_AGGRESSIVE;
				CLANG_CXX_LANGUAGE_STANDARD = "gnu++17";
				CLANG_ENABLE_MODULES = YES;
				CLANG_ENABLE_OBJC_ARC = YES;
				CLANG_ENABLE_OBJC_WEAK = YES;
				CLANG_WARN_BLOCK_CAPTURE_AUTORELEASING = YES;
				CLANG_WARN_BOOL_CONVERSION = YES;
				CLANG_WARN_COMMA = YES;
				CLANG_WARN_CONSTANT_CONVERSION = YES;
				CLANG_WARN_DEPRECATED_OBJC_IMPLEMENTATIONS = YES;
				CLANG_WARN_DIRECT_OBJC_ISA_USAGE = YES_ERROR;
				CLANG_WARN_DOCUMENTATION_COMMENTS = YES;
				CLANG_WARN_EMPTY_BODY = YES;
				CLANG_WARN_ENUM_CONVERSION = YES;
				CLANG_WARN_INFINITE_RECURSION = YES;
				CLANG_WARN_INT_CONVERSION = YES;
				CLANG_WARN_NON_LITERAL_NULL_CONVERSION = YES;
				CLANG_WARN_OBJC_IMPLICIT_RETAIN_SELF = YES;
				CLANG_WARN_OBJC_LITERAL_CONVERSION = YES;
				CLANG_WARN_OBJC_ROOT_CLASS = YES_ERROR;
				CLANG_WARN_QUOTED_INCLUDE_IN_FRAMEWORK_HEADER = YES;
				CLANG_WARN_RANGE_LOOP_ANALYSIS = YES;
				CLANG_WARN_STRICT_PROTOTYPES = YES;
				CLANG_WARN_SUSPICIOUS_MOVE = YES;
				CLANG_WARN_UNGUARDED_AVAILABILITY = YES_AGGRESSIVE;
				CLANG_WARN_UNREACHABLE_CODE = YES;
				CLANG_WARN__DUPLICATE_METHOD_MATCH = YES;
				COPY_PHASE_STRIP = NO;
				DEBUG_INFORMATION_FORMAT = dwarf;
				ENABLE_STRICT_OBJC_MSGSEND = YES;
				ENABLE_TESTABILITY = YES;
				GCC_C_LANGUAGE_STANDARD = gnu11;
				GCC_DYNAMIC_NO_PIC = NO;
				GCC_NO_COMMON_BLOCKS = YES;
				GCC_OPTIMIZATION_LEVEL = 0;
				GCC_PREPROCESSOR_DEFINITIONS = (
					"DEBUG=1",
					"$(inherited)",
				);
				GCC_WARN_64_TO_32_BIT_CONVERSION = YES;
				GCC_WARN_ABOUT_RETURN_TYPE = YES_ERROR;
				GCC_WARN_UNDECLARED_SELECTOR = YES;
				GCC_WARN_UNINITIALIZED_AUTOS = YES_AGGRESSIVE;
				GCC_WARN_UNUSED_FUNCTION = YES;
				GCC_WARN_UNUSED_VARIABLE = YES;
				IPHONEOS_DEPLOYMENT_TARGET = 15.5;
				MTL_ENABLE_DEBUG_INFO = INCLUDE_SOURCE;
				MTL_FAST_MATH = YES;
				ONLY_ACTIVE_ARCH = YES;
				SDKROOT = iphoneos;
				SWIFT_ACTIVE_COMPILATION_CONDITIONS = DEBUG;
				SWIFT_OPTIMIZATION_LEVEL = "-Onone";
			};
			name = Debug;
		};
		3DE4843528A248AE00B6EE4A /* Release */ = {
			isa = XCBuildConfiguration;
			buildSettings = {
				ALWAYS_SEARCH_USER_PATHS = NO;
				CLANG_ANALYZER_NONNULL = YES;
				CLANG_ANALYZER_NUMBER_OBJECT_CONVERSION = YES_AGGRESSIVE;
				CLANG_CXX_LANGUAGE_STANDARD = "gnu++17";
				CLANG_ENABLE_MODULES = YES;
				CLANG_ENABLE_OBJC_ARC = YES;
				CLANG_ENABLE_OBJC_WEAK = YES;
				CLANG_WARN_BLOCK_CAPTURE_AUTORELEASING = YES;
				CLANG_WARN_BOOL_CONVERSION = YES;
				CLANG_WARN_COMMA = YES;
				CLANG_WARN_CONSTANT_CONVERSION = YES;
				CLANG_WARN_DEPRECATED_OBJC_IMPLEMENTATIONS = YES;
				CLANG_WARN_DIRECT_OBJC_ISA_USAGE = YES_ERROR;
				CLANG_WARN_DOCUMENTATION_COMMENTS = YES;
				CLANG_WARN_EMPTY_BODY = YES;
				CLANG_WARN_ENUM_CONVERSION = YES;
				CLANG_WARN_INFINITE_RECURSION = YES;
				CLANG_WARN_INT_CONVERSION = YES;
				CLANG_WARN_NON_LITERAL_NULL_CONVERSION = YES;
				CLANG_WARN_OBJC_IMPLICIT_RETAIN_SELF = YES;
				CLANG_WARN_OBJC_LITERAL_CONVERSION = YES;
				CLANG_WARN_OBJC_ROOT_CLASS = YES_ERROR;
				CLANG_WARN_QUOTED_INCLUDE_IN_FRAMEWORK_HEADER = YES;
				CLANG_WARN_RANGE_LOOP_ANALYSIS = YES;
				CLANG_WARN_STRICT_PROTOTYPES = YES;
				CLANG_WARN_SUSPICIOUS_MOVE = YES;
				CLANG_WARN_UNGUARDED_AVAILABILITY = YES_AGGRESSIVE;
				CLANG_WARN_UNREACHABLE_CODE = YES;
				CLANG_WARN__DUPLICATE_METHOD_MATCH = YES;
				COPY_PHASE_STRIP = NO;
				DEBUG_INFORMATION_FORMAT = "dwarf-with-dsym";
				ENABLE_NS_ASSERTIONS = NO;
				ENABLE_STRICT_OBJC_MSGSEND = YES;
				GCC_C_LANGUAGE_STANDARD = gnu11;
				GCC_NO_COMMON_BLOCKS = YES;
				GCC_WARN_64_TO_32_BIT_CONVERSION = YES;
				GCC_WARN_ABOUT_RETURN_TYPE = YES_ERROR;
				GCC_WARN_UNDECLARED_SELECTOR = YES;
				GCC_WARN_UNINITIALIZED_AUTOS = YES_AGGRESSIVE;
				GCC_WARN_UNUSED_FUNCTION = YES;
				GCC_WARN_UNUSED_VARIABLE = YES;
				IPHONEOS_DEPLOYMENT_TARGET = 15.5;
				MTL_ENABLE_DEBUG_INFO = NO;
				MTL_FAST_MATH = YES;
				SDKROOT = iphoneos;
				SWIFT_COMPILATION_MODE = wholemodule;
				SWIFT_OPTIMIZATION_LEVEL = "-O";
				VALIDATE_PRODUCT = YES;
			};
			name = Release;
		};
		3DE4843728A248AE00B6EE4A /* Debug */ = {
			isa = XCBuildConfiguration;
			buildSettings = {
				ASSETCATALOG_COMPILER_APPICON_NAME = AppIcon;
				ASSETCATALOG_COMPILER_GLOBAL_ACCENT_COLOR_NAME = AccentColor;
				CODE_SIGN_STYLE = Automatic;
				CURRENT_PROJECT_VERSION = 1;
				DEVELOPMENT_ASSET_PATHS = "\"ENG/Preview Content\"";
				DEVELOPMENT_TEAM = G7X65ZSJ3J;
				ENABLE_PREVIEWS = YES;
				GENERATE_INFOPLIST_FILE = YES;
				INFOPLIST_FILE = ENG/Info.plist;
				INFOPLIST_KEY_NSCameraUsageDescription = "QR 스캔을 위해 카메라 접근을 허용합니다.";
				INFOPLIST_KEY_UIApplicationSceneManifest_Generation = YES;
				INFOPLIST_KEY_UIApplicationSupportsIndirectInputEvents = YES;
				INFOPLIST_KEY_UILaunchScreen_Generation = YES;
				INFOPLIST_KEY_UISupportedInterfaceOrientations = UIInterfaceOrientationPortrait;
				INFOPLIST_KEY_UISupportedInterfaceOrientations_iPad = "UIInterfaceOrientationPortrait UIInterfaceOrientationPortraitUpsideDown UIInterfaceOrientationLandscapeLeft UIInterfaceOrientationLandscapeRight";
				INFOPLIST_KEY_UISupportedInterfaceOrientations_iPhone = "UIInterfaceOrientationPortrait UIInterfaceOrientationLandscapeLeft UIInterfaceOrientationLandscapeRight";
				IPHONEOS_DEPLOYMENT_TARGET = 15.0;
				LD_RUNPATH_SEARCH_PATHS = (
					"$(inherited)",
					"@executable_path/Frameworks",
				);
				MARKETING_VERSION = 1.0;
				PRODUCT_BUNDLE_IDENTIFIER = com.Seunggyun.ENG;
				PRODUCT_NAME = "$(TARGET_NAME)";
				SWIFT_EMIT_LOC_STRINGS = YES;
				SWIFT_VERSION = 5.0;
				TARGETED_DEVICE_FAMILY = 1;
			};
			name = Debug;
		};
		3DE4843828A248AE00B6EE4A /* Release */ = {
			isa = XCBuildConfiguration;
			buildSettings = {
				ASSETCATALOG_COMPILER_APPICON_NAME = AppIcon;
				ASSETCATALOG_COMPILER_GLOBAL_ACCENT_COLOR_NAME = AccentColor;
				CODE_SIGN_STYLE = Automatic;
				CURRENT_PROJECT_VERSION = 1;
				DEVELOPMENT_ASSET_PATHS = "\"ENG/Preview Content\"";
				DEVELOPMENT_TEAM = G7X65ZSJ3J;
				ENABLE_PREVIEWS = YES;
				GENERATE_INFOPLIST_FILE = YES;
				INFOPLIST_FILE = ENG/Info.plist;
				INFOPLIST_KEY_NSCameraUsageDescription = "QR 스캔을 위해 카메라 접근을 허용합니다.";
				INFOPLIST_KEY_UIApplicationSceneManifest_Generation = YES;
				INFOPLIST_KEY_UIApplicationSupportsIndirectInputEvents = YES;
				INFOPLIST_KEY_UILaunchScreen_Generation = YES;
				INFOPLIST_KEY_UISupportedInterfaceOrientations = UIInterfaceOrientationPortrait;
				INFOPLIST_KEY_UISupportedInterfaceOrientations_iPad = "UIInterfaceOrientationPortrait UIInterfaceOrientationPortraitUpsideDown UIInterfaceOrientationLandscapeLeft UIInterfaceOrientationLandscapeRight";
				INFOPLIST_KEY_UISupportedInterfaceOrientations_iPhone = "UIInterfaceOrientationPortrait UIInterfaceOrientationLandscapeLeft UIInterfaceOrientationLandscapeRight";
				IPHONEOS_DEPLOYMENT_TARGET = 15.0;
				LD_RUNPATH_SEARCH_PATHS = (
					"$(inherited)",
					"@executable_path/Frameworks",
				);
				MARKETING_VERSION = 1.0;
				PRODUCT_BUNDLE_IDENTIFIER = com.Seunggyun.ENG;
				PRODUCT_NAME = "$(TARGET_NAME)";
				SWIFT_EMIT_LOC_STRINGS = YES;
				SWIFT_VERSION = 5.0;
				TARGETED_DEVICE_FAMILY = 1;
			};
			name = Release;
		};
/* End XCBuildConfiguration section */

/* Begin XCConfigurationList section */
		3DE4842328A248AD00B6EE4A /* Build configuration list for PBXProject "ENG" */ = {
			isa = XCConfigurationList;
			buildConfigurations = (
				3DE4843428A248AE00B6EE4A /* Debug */,
				3DE4843528A248AE00B6EE4A /* Release */,
			);
			defaultConfigurationIsVisible = 0;
			defaultConfigurationName = Release;
		};
		3DE4843628A248AE00B6EE4A /* Build configuration list for PBXNativeTarget "ENG" */ = {
			isa = XCConfigurationList;
			buildConfigurations = (
				3DE4843728A248AE00B6EE4A /* Debug */,
				3DE4843828A248AE00B6EE4A /* Release */,
			);
			defaultConfigurationIsVisible = 0;
			defaultConfigurationName = Release;
		};
/* End XCConfigurationList section */
	};
	rootObject = 3DE4842028A248AD00B6EE4A /* Project object */;
}
